// !$*UTF8*$!
{
    archiveVersion = 1;
    classes = {};
    objectVersion = 46;
    rootObject = __RootObject_;
    objects = {
        __RootObject_ = {
            isa = PBXProject;
            attributes = {LastUpgradeCheck = 9999;};
            buildConfigurationList = ___RootConfs_;
            compatibilityVersion = 'Xcode 3.2';
            developmentRegion = English;
            hasScannedForEncodings = 0;
            knownRegions = (en);
            mainGroup = ___RootGroup_;
            productRefGroup = ____Products_;
            projectDirPath = '';
            projectRoot = '';
            targets = (______Target_BitUnits, ______Target_BitUnitsTests);
        };
        '__PBXFileRef_Package.swift' = {
            isa = PBXFileReference;
            lastKnownFileType = sourcecode.swift;
            path = 'Package.swift';
            sourceTree = '<group>';
        };
        ___RootGroup_ = {
            isa = PBXGroup;
            children = ('__PBXFileRef_Package.swift', _____Configs_, _____Sources_,  Dependencies_, _______Tests_, ____Products_);
            sourceTree = '<group>';
        };
        _______Group_BitUnits = {
            isa = PBXGroup;
            name = 'BitUnits';
            path = 'Sources';
            sourceTree = '<group>';
            children = ('__PBXFileRef_Sources/BitUnit.swift', '__PBXFileRef_Sources/BitUnitType.swift');
        };
        '__PBXFileRef_Sources/BitUnit.swift' = {
            isa = PBXFileReference;
            lastKnownFileType = sourcecode.swift;
            path = 'BitUnit.swift';
            sourceTree = '<group>';
        };
        '__PBXFileRef_Sources/BitUnitType.swift' = {
            isa = PBXFileReference;
            lastKnownFileType = sourcecode.swift;
            path = 'BitUnitType.swift';
            sourceTree = '<group>';
        };
        ______Target_BitUnits = {
            isa = PBXNativeTarget;
            buildConfigurationList = _______Confs_BitUnits;
            buildPhases = (CompilePhase_BitUnits, ___LinkPhase_BitUnits);
            buildRules = ();
            dependencies = ();
            name = 'BitUnits';
            productName = BitUnits;
            productReference = _____Product_BitUnits;
            productType = 'com.apple.product-type.framework';
        };
        _____Product_BitUnits = {
            isa = PBXFileReference;
            explicitFileType = 'wrapper.framework';
            path = 'BitUnits.framework';
            sourceTree = BUILT_PRODUCTS_DIR;
        };
        CompilePhase_BitUnits = {
            isa = PBXSourcesBuildPhase;
            files = ('__src_cc_ref_Sources/BitUnit.swift', '__src_cc_ref_Sources/BitUnitType.swift');
            runOnlyForDeploymentPostprocessing = 0;
        };
        '__src_cc_ref_Sources/BitUnit.swift' = {
            isa = PBXBuildFile;
            fileRef = '__PBXFileRef_Sources/BitUnit.swift';
        };
        '__src_cc_ref_Sources/BitUnitType.swift' = {
            isa = PBXBuildFile;
            fileRef = '__PBXFileRef_Sources/BitUnitType.swift';
        };
        ___LinkPhase_BitUnits = {
            isa = PBXFrameworksBuildPhase;
            files = ();
            runOnlyForDeploymentPostprocessing = 0;
        };
        _______Confs_BitUnits = {
            isa = XCConfigurationList;
            buildConfigurations = (___DebugConf_BitUnits, _ReleaseConf_BitUnits);
            defaultConfigurationIsVisible = 0;
            defaultConfigurationName = Debug;
        };
        ___DebugConf_BitUnits = {
            isa = XCBuildConfiguration;
            buildSettings = { SWIFT_VERSION = '3.0'; LD_RUNPATH_SEARCH_PATHS = '$(TOOLCHAIN_DIR)/usr/lib/swift/macosx'; PRODUCT_MODULE_NAME = '$(TARGET_NAME:c99extidentifier)'; ENABLE_TESTABILITY = 'YES'; OTHER_SWIFT_FLAGS = '$(inherited)'; INFOPLIST_FILE = 'BitUnits.xcodeproj/BitUnits_Info.plist'; FRAMEWORK_SEARCH_PATHS = '$(PLATFORM_DIR)/Developer/Library/Frameworks'; SWIFT_OPTIMIZATION_LEVEL = '-Onone'; PRODUCT_BUNDLE_IDENTIFIER = 'BitUnits'; PRODUCT_NAME = '$(TARGET_NAME:c99extidentifier)'; OTHER_LDFLAGS = '$(inherited)'; };
            name = Debug;
        };
        _ReleaseConf_BitUnits = {
            isa = XCBuildConfiguration;
            buildSettings = { SWIFT_VERSION = '3.0'; LD_RUNPATH_SEARCH_PATHS = '$(TOOLCHAIN_DIR)/usr/lib/swift/macosx'; PRODUCT_MODULE_NAME = '$(TARGET_NAME:c99extidentifier)'; ENABLE_TESTABILITY = 'YES'; OTHER_SWIFT_FLAGS = '$(inherited)'; INFOPLIST_FILE = 'BitUnits.xcodeproj/BitUnits_Info.plist'; FRAMEWORK_SEARCH_PATHS = '$(PLATFORM_DIR)/Developer/Library/Frameworks'; PRODUCT_BUNDLE_IDENTIFIER = 'BitUnits'; PRODUCT_NAME = '$(TARGET_NAME:c99extidentifier)'; OTHER_LDFLAGS = '$(inherited)'; };
            name = Release;
        };
        __Dependency_BitUnits = {
            isa = PBXTargetDependency;
            target = ______Target_BitUnits;
        };
        _______Group_BitUnitsTests = {
            isa = PBXGroup;
            name = 'BitUnitsTests';
            path = 'Tests/BitUnitsTests';
            sourceTree = '<group>';
            children = ('__PBXFileRef_Tests/BitUnitsTests/BitUnitsTests.swift');
        };
        '__PBXFileRef_Tests/BitUnitsTests/BitUnitsTests.swift' = {
            isa = PBXFileReference;
            lastKnownFileType = sourcecode.swift;
            path = 'BitUnitsTests.swift';
            sourceTree = '<group>';
        };
        ______Target_BitUnitsTests = {
            isa = PBXNativeTarget;
            buildConfigurationList = _______Confs_BitUnitsTests;
            buildPhases = (CompilePhase_BitUnitsTests, ___LinkPhase_BitUnitsTests);
            buildRules = ();
            dependencies = (__Dependency_BitUnits);
            name = 'BitUnitsTests';
            productName = BitUnitsTests;
            productReference = _____Product_BitUnitsTests;
            productType = 'com.apple.product-type.bundle.unit-test';
        };
        _____Product_BitUnitsTests = {
            isa = PBXFileReference;
            explicitFileType = 'compiled.mach-o.wrapper.cfbundle';
            path = 'BitUnitsTests.xctest';
            sourceTree = BUILT_PRODUCTS_DIR;
        };
        CompilePhase_BitUnitsTests = {
            isa = PBXSourcesBuildPhase;
            files = ('__src_cc_ref_Tests/BitUnitsTests/BitUnitsTests.swift');
            runOnlyForDeploymentPostprocessing = 0;
        };
        '__src_cc_ref_Tests/BitUnitsTests/BitUnitsTests.swift' = {
            isa = PBXBuildFile;
            fileRef = '__PBXFileRef_Tests/BitUnitsTests/BitUnitsTests.swift';
        };
        ___LinkPhase_BitUnitsTests = {
            isa = PBXFrameworksBuildPhase;
            files = (_LinkFileRef_BitUnits_via_BitUnitsTests);
            runOnlyForDeploymentPostprocessing = 0;
        };
        _LinkFileRef_BitUnits_via_BitUnitsTests = {
            isa = PBXBuildFile;
            fileRef = _____Product_BitUnits;
        };
        _______Confs_BitUnitsTests = {
            isa = XCConfigurationList;
            buildConfigurations = (___DebugConf_BitUnitsTests, _ReleaseConf_BitUnitsTests);
            defaultConfigurationIsVisible = 0;
            defaultConfigurationName = Debug;
        };
        ___DebugConf_BitUnitsTests = {
            isa = XCBuildConfiguration;
            buildSettings = { LD_RUNPATH_SEARCH_PATHS = '@loader_path/../Frameworks'; FRAMEWORK_SEARCH_PATHS = '$(PLATFORM_DIR)/Developer/Library/Frameworks'; OTHER_SWIFT_FLAGS = '$(inherited)'; INFOPLIST_FILE = 'BitUnits.xcodeproj/BitUnitsTests_Info.plist'; SWIFT_OPTIMIZATION_LEVEL = '-Onone'; EMBEDDED_CONTENT_CONTAINS_SWIFT = 'YES'; OTHER_LDFLAGS = '$(inherited)'; SWIFT_VERSION = '3.0'; };
            name = Debug;
        };
        _ReleaseConf_BitUnitsTests = {
            isa = XCBuildConfiguration;
            buildSettings = { LD_RUNPATH_SEARCH_PATHS = '@loader_path/../Frameworks'; FRAMEWORK_SEARCH_PATHS = '$(PLATFORM_DIR)/Developer/Library/Frameworks'; OTHER_SWIFT_FLAGS = '$(inherited)'; INFOPLIST_FILE = 'BitUnits.xcodeproj/BitUnitsTests_Info.plist'; EMBEDDED_CONTENT_CONTAINS_SWIFT = 'YES'; OTHER_LDFLAGS = '$(inherited)'; SWIFT_VERSION = '3.0'; };
            name = Release;
        };
        __Dependency_BitUnitsTests = {
            isa = PBXTargetDependency;
            target = ______Target_BitUnitsTests;
        };
        '__PBXFileRef_BitUnits.xcodeproj/Configs/Project.xcconfig' = {
            isa = PBXFileReference;
            lastKnownFileType = text.xcconfig;
            path = 'BitUnits.xcodeproj/Configs/Project.xcconfig';
            sourceTree = '<group>';
        };
        _____Configs_ = {
            isa = PBXGroup;
            children = ('__PBXFileRef_BitUnits.xcodeproj/Configs/Project.xcconfig');
            name = Configs;
            sourceTree = '<group>';
        };
        _____Sources_ = {
            isa = PBXGroup;
            children = (_______Group_BitUnits);
            name = Sources;
            sourceTree = '<group>';
        };
        _______Tests_ = {
            isa = PBXGroup;
            children = (_______Group_BitUnitsTests);
            name = Tests;
            sourceTree = '<group>';
        };
       TestProducts_ = {
            isa = PBXGroup;
            children = (_____Product_BitUnitsTests);
            name = Tests;
            sourceTree = '<group>';
        };
        ____Products_ = {
            isa = PBXGroup;
            children = (TestProducts_, _____Product_BitUnits);
            name = Products;
            sourceTree = '<group>';
        };
        _______Debug_ = {
            isa = XCBuildConfiguration;
            baseConfigurationReference = '__PBXFileRef_BitUnits.xcodeproj/Configs/Project.xcconfig';
            buildSettings = {};
            name = Debug;
        };
        _____Release_ = {
            isa = XCBuildConfiguration;
            baseConfigurationReference = '__PBXFileRef_BitUnits.xcodeproj/Configs/Project.xcconfig';
            buildSettings = {};
            name = Release;
        };
        ___RootConfs_ = {
            isa = XCConfigurationList;
            buildConfigurations = (_______Debug_, _____Release_);
            defaultConfigurationIsVisible = 0;
            defaultConfigurationName = Debug;
        };
    };
}
